
Microsoft Visual Studio Solution File, Format Version 12.00
# Visual Studio Version 17
VisualStudioVersion = 17.9.34728.123
MinimumVisualStudioVersion = 10.0.40219.1
Project("{FAE04EC0-301F-11D3-BF4B-00C04F79EFBC}") = "MediaCollectionBackend", "MediaCollectionBackend.csproj", "{11A981C0-8E9F-4B85-9301-A5DBA716AA2F}"
EndProject
Global
	GlobalSection(SolutionConfigurationPlatforms) = preSolution
		Debug|Any CPU = Debug|Any CPU
		Release|Any CPU = Release|Any CPU
	EndGlobalSection
	GlobalSection(ProjectConfigurationPlatforms) = postSolution
		{11A981C0-8E9F-4B85-9301-A5DBA716AA2F}.Debug|Any CPU.ActiveCfg = Debug|Any CPU
		{11A981C0-8E9F-4B85-9301-A5DBA716AA2F}.Debug|Any CPU.Build.0 = Debug|Any CPU
		{11A981C0-8E9F-4B85-9301-A5DBA716AA2F}.Release|Any CPU.ActiveCfg = Release|Any CPU
		{11A981C0-8E9F-4B85-9301-A5DBA716AA2F}.Release|Any CPU.Build.0 = Release|Any CPU
	EndGlobalSection
	GlobalSection(SolutionProperties) = preSolution
		HideSolutionNode = FALSE
	EndGlobalSection
	GlobalSection(ExtensibilityGlobals) = postSolution
		SolutionGuid = {960D808E-4FF0-4CF9-90AD-B26AB5AC68FA}
	EndGlobalSection
EndGlobal
